// !$*UTF8*$!
{
	archiveVersion = 1;
	classes = {
	};
	objectVersion = 55;
	objects = {

/* Begin PBXBuildFile section */
		846A829B287C8E490094438C /* AppDelegate.swift in Sources */ = {isa = PBXBuildFile; fileRef = 846A829A287C8E490094438C /* AppDelegate.swift */; };
		846A829D287C8E490094438C /* SceneDelegate.swift in Sources */ = {isa = PBXBuildFile; fileRef = 846A829C287C8E490094438C /* SceneDelegate.swift */; };
		846A829F287C8E490094438C /* ViewController.swift in Sources */ = {isa = PBXBuildFile; fileRef = 846A829E287C8E490094438C /* ViewController.swift */; };
		846A82A2287C8E490094438C /* Main.storyboard in Resources */ = {isa = PBXBuildFile; fileRef = 846A82A0287C8E490094438C /* Main.storyboard */; };
		846A82A4287C8E4B0094438C /* Assets.xcassets in Resources */ = {isa = PBXBuildFile; fileRef = 846A82A3287C8E4B0094438C /* Assets.xcassets */; };
		846A82A7287C8E4B0094438C /* LaunchScreen.storyboard in Resources */ = {isa = PBXBuildFile; fileRef = 846A82A5287C8E4B0094438C /* LaunchScreen.storyboard */; };
		846A82B2287C8E4B0094438C /* sgbcTests.swift in Sources */ = {isa = PBXBuildFile; fileRef = 846A82B1287C8E4B0094438C /* sgbcTests.swift */; };
		846A82BC287C8E4B0094438C /* sgbcUITests.swift in Sources */ = {isa = PBXBuildFile; fileRef = 846A82BB287C8E4B0094438C /* sgbcUITests.swift */; };
		846A82BE287C8E4B0094438C /* sgbcUITestsLaunchTests.swift in Sources */ = {isa = PBXBuildFile; fileRef = 846A82BD287C8E4B0094438C /* sgbcUITestsLaunchTests.swift */; };
/* End PBXBuildFile section */

/* Begin PBXContainerItemProxy section */
		846A82AE287C8E4B0094438C /* PBXContainerItemProxy */ = {
			isa = PBXContainerItemProxy;
			containerPortal = 846A828F287C8E490094438C /* Project object */;
			proxyType = 1;
			remoteGlobalIDString = 846A8296287C8E490094438C;
			remoteInfo = sgbc;
		};
		846A82B8287C8E4B0094438C /* PBXContainerItemProxy */ = {
			isa = PBXContainerItemProxy;
			containerPortal = 846A828F287C8E490094438C /* Project object */;
			proxyType = 1;
			remoteGlobalIDString = 846A8296287C8E490094438C;
			remoteInfo = sgbc;
		};
/* End PBXContainerItemProxy section */

/* Begin PBXFileReference section */
		846A8297287C8E490094438C /* sgbc.app */ = {isa = PBXFileReference; explicitFileType = wrapper.application; includeInIndex = 0; path = sgbc.app; sourceTree = BUILT_PRODUCTS_DIR; };
		846A829A287C8E490094438C /* AppDelegate.swift */ = {isa = PBXFileReference; lastKnownFileType = sourcecode.swift; path = AppDelegate.swift; sourceTree = "<group>"; };
		846A829C287C8E490094438C /* SceneDelegate.swift */ = {isa = PBXFileReference; lastKnownFileType = sourcecode.swift; path = SceneDelegate.swift; sourceTree = "<group>"; };
		846A829E287C8E490094438C /* ViewController.swift */ = {isa = PBXFileReference; lastKnownFileType = sourcecode.swift; path = ViewController.swift; sourceTree = "<group>"; };
		846A82A1287C8E490094438C /* Base */ = {isa = PBXFileReference; lastKnownFileType = file.storyboard; name = Base; path = Base.lproj/Main.storyboard; sourceTree = "<group>"; };
		846A82A3287C8E4B0094438C /* Assets.xcassets */ = {isa = PBXFileReference; lastKnownFileType = folder.assetcatalog; path = Assets.xcassets; sourceTree = "<group>"; };
		846A82A6287C8E4B0094438C /* Base */ = {isa = PBXFileReference; lastKnownFileType = file.storyboard; name = Base; path = Base.lproj/LaunchScreen.storyboard; sourceTree = "<group>"; };
		846A82A8287C8E4B0094438C /* Info.plist */ = {isa = PBXFileReference; lastKnownFileType = text.plist.xml; path = Info.plist; sourceTree = "<group>"; };
		846A82AD287C8E4B0094438C /* sgbcTests.xctest */ = {isa = PBXFileReference; explicitFileType = wrapper.cfbundle; includeInIndex = 0; path = sgbcTests.xctest; sourceTree = BUILT_PRODUCTS_DIR; };
		846A82B1287C8E4B0094438C /* sgbcTests.swift */ = {isa = PBXFileReference; lastKnownFileType = sourcecode.swift; path = sgbcTests.swift; sourceTree = "<group>"; };
		846A82B7287C8E4B0094438C /* sgbcUITests.xctest */ = {isa = PBXFileReference; explicitFileType = wrapper.cfbundle; includeInIndex = 0; path = sgbcUITests.xctest; sourceTree = BUILT_PRODUCTS_DIR; };
		846A82BB287C8E4B0094438C /* sgbcUITests.swift */ = {isa = PBXFileReference; lastKnownFileType = sourcecode.swift; path = sgbcUITests.swift; sourceTree = "<group>"; };
		846A82BD287C8E4B0094438C /* sgbcUITestsLaunchTests.swift */ = {isa = PBXFileReference; lastKnownFileType = sourcecode.swift; path = sgbcUITestsLaunchTests.swift; sourceTree = "<group>"; };
/* End PBXFileReference section */

/* Begin PBXFrameworksBuildPhase section */
		846A8294287C8E490094438C /* Frameworks */ = {
			isa = PBXFrameworksBuildPhase;
			buildActionMask = 2147483647;
			files = (
			);
			runOnlyForDeploymentPostprocessing = 0;
		};
		846A82AA287C8E4B0094438C /* Frameworks */ = {
			isa = PBXFrameworksBuildPhase;
			buildActionMask = 2147483647;
			files = (
			);
			runOnlyForDeploymentPostprocessing = 0;
		};
		846A82B4287C8E4B0094438C /* Frameworks */ = {
			isa = PBXFrameworksBuildPhase;
			buildActionMask = 2147483647;
			files = (
			);
			runOnlyForDeploymentPostprocessing = 0;
		};
/* End PBXFrameworksBuildPhase section */

/* Begin PBXGroup section */
		846A828E287C8E490094438C = {
			isa = PBXGroup;
			children = (
				846A8299287C8E490094438C /* sgbc */,
				846A82B0287C8E4B0094438C /* sgbcTests */,
				846A82BA287C8E4B0094438C /* sgbcUITests */,
				846A8298287C8E490094438C /* Products */,
			);
			sourceTree = "<group>";
		};
		846A8298287C8E490094438C /* Products */ = {
			isa = PBXGroup;
			children = (
				846A8297287C8E490094438C /* sgbc.app */,
				846A82AD287C8E4B0094438C /* sgbcTests.xctest */,
				846A82B7287C8E4B0094438C /* sgbcUITests.xctest */,
			);
			name = Products;
			sourceTree = "<group>";
		};
		846A8299287C8E490094438C /* sgbc */ = {
			isa = PBXGroup;
			children = (
				846A829A287C8E490094438C /* AppDelegate.swift */,
				846A829C287C8E490094438C /* SceneDelegate.swift */,
				846A829E287C8E490094438C /* ViewController.swift */,
				846A82A0287C8E490094438C /* Main.storyboard */,
				846A82A3287C8E4B0094438C /* Assets.xcassets */,
				846A82A5287C8E4B0094438C /* LaunchScreen.storyboard */,
				846A82A8287C8E4B0094438C /* Info.plist */,
			);
			path = sgbc;
			sourceTree = "<group>";
		};
		846A82B0287C8E4B0094438C /* sgbcTests */ = {
			isa = PBXGroup;
			children = (
				846A82B1287C8E4B0094438C /* sgbcTests.swift */,
			);
			path = sgbcTests;
			sourceTree = "<group>";
		};
		846A82BA287C8E4B0094438C /* sgbcUITests */ = {
			isa = PBXGroup;
			children = (
				846A82BB287C8E4B0094438C /* sgbcUITests.swift */,
				846A82BD287C8E4B0094438C /* sgbcUITestsLaunchTests.swift */,
			);
			path = sgbcUITests;
			sourceTree = "<group>";
		};
/* End PBXGroup section */

/* Begin PBXNativeTarget section */
		846A8296287C8E490094438C /* sgbc */ = {
			isa = PBXNativeTarget;
			buildConfigurationList = 846A82C1287C8E4B0094438C /* Build configuration list for PBXNativeTarget "sgbc" */;
			buildPhases = (
				846A8293287C8E490094438C /* Sources */,
				846A8294287C8E490094438C /* Frameworks */,
				846A8295287C8E490094438C /* Resources */,
			);
			buildRules = (
			);
			dependencies = (
			);
			name = sgbc;
			productName = sgbc;
			productReference = 846A8297287C8E490094438C /* sgbc.app */;
			productType = "com.apple.product-type.application";
		};
		846A82AC287C8E4B0094438C /* sgbcTests */ = {
			isa = PBXNativeTarget;
			buildConfigurationList = 846A82C4287C8E4B0094438C /* Build configuration list for PBXNativeTarget "sgbcTests" */;
			buildPhases = (
				846A82A9287C8E4B0094438C /* Sources */,
				846A82AA287C8E4B0094438C /* Frameworks */,
				846A82AB287C8E4B0094438C /* Resources */,
			);
			buildRules = (
			);
			dependencies = (
				846A82AF287C8E4B0094438C /* PBXTargetDependency */,
			);
			name = sgbcTests;
			productName = sgbcTests;
			productReference = 846A82AD287C8E4B0094438C /* sgbcTests.xctest */;
			productType = "com.apple.product-type.bundle.unit-test";
		};
		846A82B6287C8E4B0094438C /* sgbcUITests */ = {
			isa = PBXNativeTarget;
			buildConfigurationList = 846A82C7287C8E4B0094438C /* Build configuration list for PBXNativeTarget "sgbcUITests" */;
			buildPhases = (
				846A82B3287C8E4B0094438C /* Sources */,
				846A82B4287C8E4B0094438C /* Frameworks */,
				846A82B5287C8E4B0094438C /* Resources */,
			);
			buildRules = (
			);
			dependencies = (
				846A82B9287C8E4B0094438C /* PBXTargetDependency */,
			);
			name = sgbcUITests;
			productName = sgbcUITests;
			productReference = 846A82B7287C8E4B0094438C /* sgbcUITests.xctest */;
			productType = "com.apple.product-type.bundle.ui-testing";
		};
/* End PBXNativeTarget section */

/* Begin PBXProject section */
		846A828F287C8E490094438C /* Project object */ = {
			isa = PBXProject;
			attributes = {
				BuildIndependentTargetsInParallel = 1;
				LastSwiftUpdateCheck = 1340;
				LastUpgradeCheck = 1340;
				TargetAttributes = {
					846A8296287C8E490094438C = {
						CreatedOnToolsVersion = 13.4.1;
					};
					846A82AC287C8E4B0094438C = {
						CreatedOnToolsVersion = 13.4.1;
						TestTargetID = 846A8296287C8E490094438C;
					};
					846A82B6287C8E4B0094438C = {
						CreatedOnToolsVersion = 13.4.1;
						TestTargetID = 846A8296287C8E490094438C;
					};
				};
			};
			buildConfigurationList = 846A8292287C8E490094438C /* Build configuration list for PBXProject "sgbc" */;
			compatibilityVersion = "Xcode 13.0";
			developmentRegion = en;
			hasScannedForEncodings = 0;
			knownRegions = (
				en,
				Base,
			);
			mainGroup = 846A828E287C8E490094438C;
			productRefGroup = 846A8298287C8E490094438C /* Products */;
			projectDirPath = "";
			projectRoot = "";
			targets = (
				846A8296287C8E490094438C /* sgbc */,
				846A82AC287C8E4B0094438C /* sgbcTests */,
				846A82B6287C8E4B0094438C /* sgbcUITests */,
			);
		};
/* End PBXProject section */

/* Begin PBXResourcesBuildPhase section */
		846A8295287C8E490094438C /* Resources */ = {
			isa = PBXResourcesBuildPhase;
			buildActionMask = 2147483647;
			files = (
				846A82A7287C8E4B0094438C /* LaunchScreen.storyboard in Resources */,
				846A82A4287C8E4B0094438C /* Assets.xcassets in Resources */,
				846A82A2287C8E490094438C /* Main.storyboard in Resources */,
			);
			runOnlyForDeploymentPostprocessing = 0;
		};
		846A82AB287C8E4B0094438C /* Resources */ = {
			isa = PBXResourcesBuildPhase;
			buildActionMask = 2147483647;
			files = (
			);
			runOnlyForDeploymentPostprocessing = 0;
		};
		846A82B5287C8E4B0094438C /* Resources */ = {
			isa = PBXResourcesBuildPhase;
			buildActionMask = 2147483647;
			files = (
			);
			runOnlyForDeploymentPostprocessing = 0;
		};
/* End PBXResourcesBuildPhase section */

/* Begin PBXSourcesBuildPhase section */
		846A8293287C8E490094438C /* Sources */ = {
			isa = PBXSourcesBuildPhase;
			buildActionMask = 2147483647;
			files = (
				846A829F287C8E490094438C /* ViewController.swift in Sources */,
				846A829B287C8E490094438C /* AppDelegate.swift in Sources */,
				846A829D287C8E490094438C /* SceneDelegate.swift in Sources */,
			);
			runOnlyForDeploymentPostprocessing = 0;
		};
		846A82A9287C8E4B0094438C /* Sources */ = {
			isa = PBXSourcesBuildPhase;
			buildActionMask = 2147483647;
			files = (
				846A82B2287C8E4B0094438C /* sgbcTests.swift in Sources */,
			);
			runOnlyForDeploymentPostprocessing = 0;
		};
		846A82B3287C8E4B0094438C /* Sources */ = {
			isa = PBXSourcesBuildPhase;
			buildActionMask = 2147483647;
			files = (
				846A82BC287C8E4B0094438C /* sgbcUITests.swift in Sources */,
				846A82BE287C8E4B0094438C /* sgbcUITestsLaunchTests.swift in Sources */,
			);
			runOnlyForDeploymentPostprocessing = 0;
		};
/* End PBXSourcesBuildPhase section */

/* Begin PBXTargetDependency section */
		846A82AF287C8E4B0094438C /* PBXTargetDependency */ = {
			isa = PBXTargetDependency;
			target = 846A8296287C8E490094438C /* sgbc */;
			targetProxy = 846A82AE287C8E4B0094438C /* PBXContainerItemProxy */;
		};
		846A82B9287C8E4B0094438C /* PBXTargetDependency */ = {
			isa = PBXTargetDependency;
			target = 846A8296287C8E490094438C /* sgbc */;
			targetProxy = 846A82B8287C8E4B0094438C /* PBXContainerItemProxy */;
		};
/* End PBXTargetDependency section */

/* Begin PBXVariantGroup section */
		846A82A0287C8E490094438C /* Main.storyboard */ = {
			isa = PBXVariantGroup;
			children = (
				846A82A1287C8E490094438C /* Base */,
			);
			name = Main.storyboard;
			sourceTree = "<group>";
		};
		846A82A5287C8E4B0094438C /* LaunchScreen.storyboard */ = {
			isa = PBXVariantGroup;
			children = (
				846A82A6287C8E4B0094438C /* Base */,
			);
			name = LaunchScreen.storyboard;
			sourceTree = "<group>";
		};
/* End PBXVariantGroup section */

/* Begin XCBuildConfiguration section */
		846A82BF287C8E4B0094438C /* Debug */ = {
			isa = XCBuildConfiguration;
			buildSettings = {
				ALWAYS_SEARCH_USER_PATHS = NO;
				CLANG_ANALYZER_NONNULL = YES;
				CLANG_ANALYZER_NUMBER_OBJECT_CONVERSION = YES_AGGRESSIVE;
				CLANG_CXX_LANGUAGE_STANDARD = "gnu++17";
				CLANG_ENABLE_MODULES = YES;
				CLANG_ENABLE_OBJC_ARC = YES;
				CLANG_ENABLE_OBJC_WEAK = YES;
				CLANG_WARN_BLOCK_CAPTURE_AUTORELEASING = YES;
				CLANG_WARN_BOOL_CONVERSION = YES;
				CLANG_WARN_COMMA = YES;
				CLANG_WARN_CONSTANT_CONVERSION = YES;
				CLANG_WARN_DEPRECATED_OBJC_IMPLEMENTATIONS = YES;
				CLANG_WARN_DIRECT_OBJC_ISA_USAGE = YES_ERROR;
				CLANG_WARN_DOCUMENTATION_COMMENTS = YES;
				CLANG_WARN_EMPTY_BODY = YES;
				CLANG_WARN_ENUM_CONVERSION = YES;
				CLANG_WARN_INFINITE_RECURSION = YES;
				CLANG_WARN_INT_CONVERSION = YES;
				CLANG_WARN_NON_LITERAL_NULL_CONVERSION = YES;
				CLANG_WARN_OBJC_IMPLICIT_RETAIN_SELF = YES;
				CLANG_WARN_OBJC_LITERAL_CONVERSION = YES;
				CLANG_WARN_OBJC_ROOT_CLASS = YES_ERROR;
				CLANG_WARN_QUOTED_INCLUDE_IN_FRAMEWORK_HEADER = YES;
				CLANG_WARN_RANGE_LOOP_ANALYSIS = YES;
				CLANG_WARN_STRICT_PROTOTYPES = YES;
				CLANG_WARN_SUSPICIOUS_MOVE = YES;
				CLANG_WARN_UNGUARDED_AVAILABILITY = YES_AGGRESSIVE;
				CLANG_WARN_UNREACHABLE_CODE = YES;
				CLANG_WARN__DUPLICATE_METHOD_MATCH = YES;
				COPY_PHASE_STRIP = NO;
				DEBUG_INFORMATION_FORMAT = dwarf;
				ENABLE_STRICT_OBJC_MSGSEND = YES;
				ENABLE_TESTABILITY = YES;
				GCC_C_LANGUAGE_STANDARD = gnu11;
				GCC_DYNAMIC_NO_PIC = NO;
				GCC_NO_COMMON_BLOCKS = YES;
				GCC_OPTIMIZATION_LEVEL = 0;
				GCC_PREPROCESSOR_DEFINITIONS = (
					"DEBUG=1",
					"$(inherited)",
				);
				GCC_WARN_64_TO_32_BIT_CONVERSION = YES;
				GCC_WARN_ABOUT_RETURN_TYPE = YES_ERROR;
				GCC_WARN_UNDECLARED_SELECTOR = YES;
				GCC_WARN_UNINITIALIZED_AUTOS = YES_AGGRESSIVE;
				GCC_WARN_UNUSED_FUNCTION = YES;
				GCC_WARN_UNUSED_VARIABLE = YES;
				IPHONEOS_DEPLOYMENT_TARGET = 15.5;
				MTL_ENABLE_DEBUG_INFO = INCLUDE_SOURCE;
				MTL_FAST_MATH = YES;
				ONLY_ACTIVE_ARCH = YES;
				SDKROOT = iphoneos;
				SWIFT_ACTIVE_COMPILATION_CONDITIONS = DEBUG;
				SWIFT_OPTIMIZATION_LEVEL = "-Onone";
			};
			name = Debug;
		};
		846A82C0287C8E4B0094438C /* Release */ = {
			isa = XCBuildConfiguration;
			buildSettings = {
				ALWAYS_SEARCH_USER_PATHS = NO;
				CLANG_ANALYZER_NONNULL = YES;
				CLANG_ANALYZER_NUMBER_OBJECT_CONVERSION = YES_AGGRESSIVE;
				CLANG_CXX_LANGUAGE_STANDARD = "gnu++17";
				CLANG_ENABLE_MODULES = YES;
				CLANG_ENABLE_OBJC_ARC = YES;
				CLANG_ENABLE_OBJC_WEAK = YES;
				CLANG_WARN_BLOCK_CAPTURE_AUTORELEASING = YES;
				CLANG_WARN_BOOL_CONVERSION = YES;
				CLANG_WARN_COMMA = YES;
				CLANG_WARN_CONSTANT_CONVERSION = YES;
				CLANG_WARN_DEPRECATED_OBJC_IMPLEMENTATIONS = YES;
				CLANG_WARN_DIRECT_OBJC_ISA_USAGE = YES_ERROR;
				CLANG_WARN_DOCUMENTATION_COMMENTS = YES;
				CLANG_WARN_EMPTY_BODY = YES;
				CLANG_WARN_ENUM_CONVERSION = YES;
				CLANG_WARN_INFINITE_RECURSION = YES;
				CLANG_WARN_INT_CONVERSION = YES;
				CLANG_WARN_NON_LITERAL_NULL_CONVERSION = YES;
				CLANG_WARN_OBJC_IMPLICIT_RETAIN_SELF = YES;
				CLANG_WARN_OBJC_LITERAL_CONVERSION = YES;
				CLANG_WARN_OBJC_ROOT_CLASS = YES_ERROR;
				CLANG_WARN_QUOTED_INCLUDE_IN_FRAMEWORK_HEADER = YES;
				CLANG_WARN_RANGE_LOOP_ANALYSIS = YES;
				CLANG_WARN_STRICT_PROTOTYPES = YES;
				CLANG_WARN_SUSPICIOUS_MOVE = YES;
				CLANG_WARN_UNGUARDED_AVAILABILITY = YES_AGGRESSIVE;
				CLANG_WARN_UNREACHABLE_CODE = YES;
				CLANG_WARN__DUPLICATE_METHOD_MATCH = YES;
				COPY_PHASE_STRIP = NO;
				DEBUG_INFORMATION_FORMAT = "dwarf-with-dsym";
				ENABLE_NS_ASSERTIONS = NO;
				ENABLE_STRICT_OBJC_MSGSEND = YES;
				GCC_C_LANGUAGE_STANDARD = gnu11;
				GCC_NO_COMMON_BLOCKS = YES;
				GCC_WARN_64_TO_32_BIT_CONVERSION = YES;
				GCC_WARN_ABOUT_RETURN_TYPE = YES_ERROR;
				GCC_WARN_UNDECLARED_SELECTOR = YES;
				GCC_WARN_UNINITIALIZED_AUTOS = YES_AGGRESSIVE;
				GCC_WARN_UNUSED_FUNCTION = YES;
				GCC_WARN_UNUSED_VARIABLE = YES;
				IPHONEOS_DEPLOYMENT_TARGET = 15.5;
				MTL_ENABLE_DEBUG_INFO = NO;
				MTL_FAST_MATH = YES;
				SDKROOT = iphoneos;
				SWIFT_COMPILATION_MODE = wholemodule;
				SWIFT_OPTIMIZATION_LEVEL = "-O";
				VALIDATE_PRODUCT = YES;
			};
			name = Release;
		};
		846A82C2287C8E4B0094438C /* Debug */ = {
			isa = XCBuildConfiguration;
			buildSettings = {
				ASSETCATALOG_COMPILER_APPICON_NAME = AppIcon;
				ASSETCATALOG_COMPILER_GLOBAL_ACCENT_COLOR_NAME = AccentColor;
				CODE_SIGN_STYLE = Automatic;
				CURRENT_PROJECT_VERSION = 1;
				DEVELOPMENT_TEAM = 2D8LVDKBG6;
				GENERATE_INFOPLIST_FILE = YES;
				INFOPLIST_FILE = sgbc/Info.plist;
				INFOPLIST_KEY_UIApplicationSupportsIndirectInputEvents = YES;
				INFOPLIST_KEY_UILaunchStoryboardName = LaunchScreen;
				INFOPLIST_KEY_UIMainStoryboardFile = Main;
				INFOPLIST_KEY_UISupportedInterfaceOrientations_iPad = "UIInterfaceOrientationPortrait UIInterfaceOrientationPortraitUpsideDown UIInterfaceOrientationLandscapeLeft UIInterfaceOrientationLandscapeRight";
				INFOPLIST_KEY_UISupportedInterfaceOrientations_iPhone = "UIInterfaceOrientationPortrait UIInterfaceOrientationLandscapeLeft UIInterfaceOrientationLandscapeRight";
				LD_RUNPATH_SEARCH_PATHS = (
					"$(inherited)",
					"@executable_path/Frameworks",
				);
				MARKETING_VERSION = 1.0;
				PRODUCT_BUNDLE_IDENTIFIER = com.sgbc.sgbc;
				PRODUCT_NAME = "$(TARGET_NAME)";
				SWIFT_EMIT_LOC_STRINGS = YES;
				SWIFT_VERSION = 5.0;
				TARGETED_DEVICE_FAMILY = "1,2";
			};
			name = Debug;
		};
		846A82C3287C8E4B0094438C /* Release */ = {
			isa = XCBuildConfiguration;
			buildSettings = {
				ASSETCATALOG_COMPILER_APPICON_NAME = AppIcon;
				ASSETCATALOG_COMPILER_GLOBAL_ACCENT_COLOR_NAME = AccentColor;
				CODE_SIGN_STYLE = Automatic;
				CURRENT_PROJECT_VERSION = 1;
				DEVELOPMENT_TEAM = 2D8LVDKBG6;
				GENERATE_INFOPLIST_FILE = YES;
				INFOPLIST_FILE = sgbc/Info.plist;
				INFOPLIST_KEY_UIApplicationSupportsIndirectInputEvents = YES;
				INFOPLIST_KEY_UILaunchStoryboardName = LaunchScreen;
				INFOPLIST_KEY_UIMainStoryboardFile = Main;
				INFOPLIST_KEY_UISupportedInterfaceOrientations_iPad = "UIInterfaceOrientationPortrait UIInterfaceOrientationPortraitUpsideDown UIInterfaceOrientationLandscapeLeft UIInterfaceOrientationLandscapeRight";
				INFOPLIST_KEY_UISupportedInterfaceOrientations_iPhone = "UIInterfaceOrientationPortrait UIInterfaceOrientationLandscapeLeft UIInterfaceOrientationLandscapeRight";
				LD_RUNPATH_SEARCH_PATHS = (
					"$(inherited)",
					"@executable_path/Frameworks",
				);
				MARKETING_VERSION = 1.0;
				PRODUCT_BUNDLE_IDENTIFIER = com.sgbc.sgbc;
				PRODUCT_NAME = "$(TARGET_NAME)";
				SWIFT_EMIT_LOC_STRINGS = YES;
				SWIFT_VERSION = 5.0;
				TARGETED_DEVICE_FAMILY = "1,2";
			};
			name = Release;
		};
		846A82C5287C8E4B0094438C /* Debug */ = {
			isa = XCBuildConfiguration;
			buildSettings = {
				ALWAYS_EMBED_SWIFT_STANDARD_LIBRARIES = YES;
				BUNDLE_LOADER = "$(TEST_HOST)";
				CODE_SIGN_STYLE = Automatic;
				CURRENT_PROJECT_VERSION = 1;
				DEVELOPMENT_TEAM = 2D8LVDKBG6;
				GENERATE_INFOPLIST_FILE = YES;
				IPHONEOS_DEPLOYMENT_TARGET = 15.5;
				MARKETING_VERSION = 1.0;
				PRODUCT_BUNDLE_IDENTIFIER = com.sgbc.sgbcTests;
				PRODUCT_NAME = "$(TARGET_NAME)";
				SWIFT_EMIT_LOC_STRINGS = NO;
				SWIFT_VERSION = 5.0;
				TARGETED_DEVICE_FAMILY = "1,2";
				TEST_HOST = "$(BUILT_PRODUCTS_DIR)/sgbc.app/sgbc";
			};
			name = Debug;
		};
		846A82C6287C8E4B0094438C /* Release */ = {
			isa = XCBuildConfiguration;
			buildSettings = {
				ALWAYS_EMBED_SWIFT_STANDARD_LIBRARIES = YES;
				BUNDLE_LOADER = "$(TEST_HOST)";
				CODE_SIGN_STYLE = Automatic;
				CURRENT_PROJECT_VERSION = 1;
				DEVELOPMENT_TEAM = 2D8LVDKBG6;
				GENERATE_INFOPLIST_FILE = YES;
				IPHONEOS_DEPLOYMENT_TARGET = 15.5;
				MARKETING_VERSION = 1.0;
				PRODUCT_BUNDLE_IDENTIFIER = com.sgbc.sgbcTests;
				PRODUCT_NAME = "$(TARGET_NAME)";
				SWIFT_EMIT_LOC_STRINGS = NO;
				SWIFT_VERSION = 5.0;
				TARGETED_DEVICE_FAMILY = "1,2";
				TEST_HOST = "$(BUILT_PRODUCTS_DIR)/sgbc.app/sgbc";
			};
			name = Release;
		};
		846A82C8287C8E4B0094438C /* Debug */ = {
			isa = XCBuildConfiguration;
			buildSettings = {
				ALWAYS_EMBED_SWIFT_STANDARD_LIBRARIES = YES;
				CODE_SIGN_STYLE = Automatic;
				CURRENT_PROJECT_VERSION = 1;
				DEVELOPMENT_TEAM = 2D8LVDKBG6;
				GENERATE_INFOPLIST_FILE = YES;
				MARKETING_VERSION = 1.0;
				PRODUCT_BUNDLE_IDENTIFIER = com.sgbc.sgbcUITests;
				PRODUCT_NAME = "$(TARGET_NAME)";
				SWIFT_EMIT_LOC_STRINGS = NO;
				SWIFT_VERSION = 5.0;
				TARGETED_DEVICE_FAMILY = "1,2";
				TEST_TARGET_NAME = sgbc;
			};
			name = Debug;
		};
		846A82C9287C8E4B0094438C /* Release */ = {
			isa = XCBuildConfiguration;
			buildSettings = {
				ALWAYS_EMBED_SWIFT_STANDARD_LIBRARIES = YES;
				CODE_SIGN_STYLE = Automatic;
				CURRENT_PROJECT_VERSION = 1;
				DEVELOPMENT_TEAM = 2D8LVDKBG6;
				GENERATE_INFOPLIST_FILE = YES;
				MARKETING_VERSION = 1.0;
				PRODUCT_BUNDLE_IDENTIFIER = com.sgbc.sgbcUITests;
				PRODUCT_NAME = "$(TARGET_NAME)";
				SWIFT_EMIT_LOC_STRINGS = NO;
				SWIFT_VERSION = 5.0;
				TARGETED_DEVICE_FAMILY = "1,2";
				TEST_TARGET_NAME = sgbc;
			};
			name = Release;
		};
/* End XCBuildConfiguration section */

/* Begin XCConfigurationList section */
		846A8292287C8E490094438C /* Build configuration list for PBXProject "sgbc" */ = {
			isa = XCConfigurationList;
			buildConfigurations = (
				846A82BF287C8E4B0094438C /* Debug */,
				846A82C0287C8E4B0094438C /* Release */,
			);
			defaultConfigurationIsVisible = 0;
			defaultConfigurationName = Release;
		};
		846A82C1287C8E4B0094438C /* Build configuration list for PBXNativeTarget "sgbc" */ = {
			isa = XCConfigurationList;
			buildConfigurations = (
				846A82C2287C8E4B0094438C /* Debug */,
				846A82C3287C8E4B0094438C /* Release */,
			);
			defaultConfigurationIsVisible = 0;
			defaultConfigurationName = Release;
		};
		846A82C4287C8E4B0094438C /* Build configuration list for PBXNativeTarget "sgbcTests" */ = {
			isa = XCConfigurationList;
			buildConfigurations = (
				846A82C5287C8E4B0094438C /* Debug */,
				846A82C6287C8E4B0094438C /* Release */,
			);
			defaultConfigurationIsVisible = 0;
			defaultConfigurationName = Release;
		};
		846A82C7287C8E4B0094438C /* Build configuration list for PBXNativeTarget "sgbcUITests" */ = {
			isa = XCConfigurationList;
			buildConfigurations = (
				846A82C8287C8E4B0094438C /* Debug */,
				846A82C9287C8E4B0094438C /* Release */,
			);
			defaultConfigurationIsVisible = 0;
			defaultConfigurationName = Release;
		};
/* End XCConfigurationList section */
	};
	rootObject = 846A828F287C8E490094438C /* Project object */;
}
