// !$*UTF8*$!
{
	archiveVersion = 1;
	classes = {
	};
	objectVersion = 55;
	objects = {

/* Begin PBXBuildFile section */
		842B8C70287F4FB2008B0BF3 /* LeadershipViewController.swift in Sources */ = {isa = PBXBuildFile; fileRef = 842B8C6F287F4FB2008B0BF3 /* LeadershipViewController.swift */; };
		842B8C73287F4FD3008B0BF3 /* LeadershipCollectionViewCell.swift in Sources */ = {isa = PBXBuildFile; fileRef = 842B8C71287F4FD3008B0BF3 /* LeadershipCollectionViewCell.swift */; };
		842B8C74287F4FD3008B0BF3 /* LeadershipCollectionViewCell.xib in Resources */ = {isa = PBXBuildFile; fileRef = 842B8C72287F4FD3008B0BF3 /* LeadershipCollectionViewCell.xib */; };
		8430E6EF287F70EA0025287E /* MinistriesTableViewCell.swift in Sources */ = {isa = PBXBuildFile; fileRef = 8430E6ED287F70EA0025287E /* MinistriesTableViewCell.swift */; };
		8430E6F0287F70EA0025287E /* MinistriesTableViewCell.xib in Resources */ = {isa = PBXBuildFile; fileRef = 8430E6EE287F70EA0025287E /* MinistriesTableViewCell.xib */; };
		84618A06287ED83100F31F5B /* MediaViewController.swift in Sources */ = {isa = PBXBuildFile; fileRef = 84618A05287ED83100F31F5B /* MediaViewController.swift */; };
		84618A09287ED85700F31F5B /* MediaTableViewCell.swift in Sources */ = {isa = PBXBuildFile; fileRef = 84618A07287ED85700F31F5B /* MediaTableViewCell.swift */; };
		84618A0A287ED85700F31F5B /* MediaTableViewCell.xib in Resources */ = {isa = PBXBuildFile; fileRef = 84618A08287ED85700F31F5B /* MediaTableViewCell.xib */; };
		84618A0C287F068400F31F5B /* NewsData.swift in Sources */ = {isa = PBXBuildFile; fileRef = 84618A0B287F068300F31F5B /* NewsData.swift */; };
		84618A10287F0C4E00F31F5B /* NewsViewController.swift in Sources */ = {isa = PBXBuildFile; fileRef = 84618A0F287F0C4E00F31F5B /* NewsViewController.swift */; };
		84618A13287F0DB900F31F5B /* NewsTableViewCell.swift in Sources */ = {isa = PBXBuildFile; fileRef = 84618A11287F0DB900F31F5B /* NewsTableViewCell.swift */; };
		84618A14287F0DB900F31F5B /* NewsTableViewCell.xib in Resources */ = {isa = PBXBuildFile; fileRef = 84618A12287F0DB900F31F5B /* NewsTableViewCell.xib */; };
		84618A17287F1A6000F31F5B /* AboutTableViewCell.swift in Sources */ = {isa = PBXBuildFile; fileRef = 84618A15287F1A6000F31F5B /* AboutTableViewCell.swift */; };
		84618A18287F1A6000F31F5B /* AboutTableViewCell.xib in Resources */ = {isa = PBXBuildFile; fileRef = 84618A16287F1A6000F31F5B /* AboutTableViewCell.xib */; };
		84618A1C287F1E9500F31F5B /* AboutViewController.swift in Sources */ = {isa = PBXBuildFile; fileRef = 84618A1B287F1E9500F31F5B /* AboutViewController.swift */; };
		846A829B287C8E490094438C /* AppDelegate.swift in Sources */ = {isa = PBXBuildFile; fileRef = 846A829A287C8E490094438C /* AppDelegate.swift */; };
		846A829D287C8E490094438C /* SceneDelegate.swift in Sources */ = {isa = PBXBuildFile; fileRef = 846A829C287C8E490094438C /* SceneDelegate.swift */; };
		846A829F287C8E490094438C /* SermonViewController.swift in Sources */ = {isa = PBXBuildFile; fileRef = 846A829E287C8E490094438C /* SermonViewController.swift */; };
		846A82A2287C8E490094438C /* Main.storyboard in Resources */ = {isa = PBXBuildFile; fileRef = 846A82A0287C8E490094438C /* Main.storyboard */; };
		846A82A4287C8E4B0094438C /* Assets.xcassets in Resources */ = {isa = PBXBuildFile; fileRef = 846A82A3287C8E4B0094438C /* Assets.xcassets */; };
		846A82A7287C8E4B0094438C /* LaunchScreen.storyboard in Resources */ = {isa = PBXBuildFile; fileRef = 846A82A5287C8E4B0094438C /* LaunchScreen.storyboard */; };
		846A82B2287C8E4B0094438C /* sgbcTests.swift in Sources */ = {isa = PBXBuildFile; fileRef = 846A82B1287C8E4B0094438C /* sgbcTests.swift */; };
		846A82BC287C8E4B0094438C /* sgbcUITests.swift in Sources */ = {isa = PBXBuildFile; fileRef = 846A82BB287C8E4B0094438C /* sgbcUITests.swift */; };
		846A82BE287C8E4B0094438C /* sgbcUITestsLaunchTests.swift in Sources */ = {isa = PBXBuildFile; fileRef = 846A82BD287C8E4B0094438C /* sgbcUITestsLaunchTests.swift */; };
		846A82CF287C8EF20094438C /* SermonData.swift in Sources */ = {isa = PBXBuildFile; fileRef = 846A82CE287C8EF20094438C /* SermonData.swift */; };
		846A82D1287C8F280094438C /* Sermon.swift in Sources */ = {isa = PBXBuildFile; fileRef = 846A82D0287C8F280094438C /* Sermon.swift */; };
		846A82D3287C8FCE0094438C /* PlayerTransitionViewController.swift in Sources */ = {isa = PBXBuildFile; fileRef = 846A82D2287C8FCE0094438C /* PlayerTransitionViewController.swift */; };
		846A82D6287C92F50094438C /* SermonTableViewCell.swift in Sources */ = {isa = PBXBuildFile; fileRef = 846A82D4287C92F50094438C /* SermonTableViewCell.swift */; };
		846A82D7287C92F50094438C /* SermonTableViewCell.xib in Resources */ = {isa = PBXBuildFile; fileRef = 846A82D5287C92F50094438C /* SermonTableViewCell.xib */; };
		846A82D9287CB7FB0094438C /* PlayerViewController.swift in Sources */ = {isa = PBXBuildFile; fileRef = 846A82D8287CB7FB0094438C /* PlayerViewController.swift */; };
		8493572A287E0EA6008BC6D1 /* StartingCategories.swift in Sources */ = {isa = PBXBuildFile; fileRef = 84935729287E0EA6008BC6D1 /* StartingCategories.swift */; };
		8493572C287E0FCE008BC6D1 /* News.swift in Sources */ = {isa = PBXBuildFile; fileRef = 8493572B287E0FCE008BC6D1 /* News.swift */; };
		8493572E287E1321008BC6D1 /* WelcomeViewController.swift in Sources */ = {isa = PBXBuildFile; fileRef = 8493572D287E1321008BC6D1 /* WelcomeViewController.swift */; };
		84CF1F20287DB17A006909CE /* SermonBySeriesCollectionViewCell.swift in Sources */ = {isa = PBXBuildFile; fileRef = 84CF1F1E287DB17A006909CE /* SermonBySeriesCollectionViewCell.swift */; };
		84CF1F21287DB17A006909CE /* SermonBySeriesCollectionViewCell.xib in Resources */ = {isa = PBXBuildFile; fileRef = 84CF1F1F287DB17A006909CE /* SermonBySeriesCollectionViewCell.xib */; };
		84DEC82A287F6FBF009D2DD9 /* MinistriesViewController.swift in Sources */ = {isa = PBXBuildFile; fileRef = 84DEC829287F6FBF009D2DD9 /* MinistriesViewController.swift */; };
		84E7AEA0287CFC8900C6F2E7 /* SermonBySeriesViewController.swift in Sources */ = {isa = PBXBuildFile; fileRef = 84E7AE9F287CFC8900C6F2E7 /* SermonBySeriesViewController.swift */; };
		84ED6601287DF7F0003946D4 /* HomeTableViewCell.swift in Sources */ = {isa = PBXBuildFile; fileRef = 84ED65FF287DF7F0003946D4 /* HomeTableViewCell.swift */; };
		84ED6602287DF7F0003946D4 /* HomeTableViewCell.xib in Resources */ = {isa = PBXBuildFile; fileRef = 84ED6600287DF7F0003946D4 /* HomeTableViewCell.xib */; };
/* End PBXBuildFile section */

/* Begin PBXContainerItemProxy section */
		846A82AE287C8E4B0094438C /* PBXContainerItemProxy */ = {
			isa = PBXContainerItemProxy;
			containerPortal = 846A828F287C8E490094438C /* Project object */;
			proxyType = 1;
			remoteGlobalIDString = 846A8296287C8E490094438C;
			remoteInfo = sgbc;
		};
		846A82B8287C8E4B0094438C /* PBXContainerItemProxy */ = {
			isa = PBXContainerItemProxy;
			containerPortal = 846A828F287C8E490094438C /* Project object */;
			proxyType = 1;
			remoteGlobalIDString = 846A8296287C8E490094438C;
			remoteInfo = sgbc;
		};
/* End PBXContainerItemProxy section */

/* Begin PBXFileReference section */
		842B8C6F287F4FB2008B0BF3 /* LeadershipViewController.swift */ = {isa = PBXFileReference; lastKnownFileType = sourcecode.swift; path = LeadershipViewController.swift; sourceTree = "<group>"; };
		842B8C71287F4FD3008B0BF3 /* LeadershipCollectionViewCell.swift */ = {isa = PBXFileReference; lastKnownFileType = sourcecode.swift; path = LeadershipCollectionViewCell.swift; sourceTree = "<group>"; };
		842B8C72287F4FD3008B0BF3 /* LeadershipCollectionViewCell.xib */ = {isa = PBXFileReference; lastKnownFileType = file.xib; path = LeadershipCollectionViewCell.xib; sourceTree = "<group>"; };
		8430E6ED287F70EA0025287E /* MinistriesTableViewCell.swift */ = {isa = PBXFileReference; lastKnownFileType = sourcecode.swift; path = MinistriesTableViewCell.swift; sourceTree = "<group>"; };
		8430E6EE287F70EA0025287E /* MinistriesTableViewCell.xib */ = {isa = PBXFileReference; lastKnownFileType = file.xib; path = MinistriesTableViewCell.xib; sourceTree = "<group>"; };
		84618A05287ED83100F31F5B /* MediaViewController.swift */ = {isa = PBXFileReference; lastKnownFileType = sourcecode.swift; path = MediaViewController.swift; sourceTree = "<group>"; };
		84618A07287ED85700F31F5B /* MediaTableViewCell.swift */ = {isa = PBXFileReference; lastKnownFileType = sourcecode.swift; path = MediaTableViewCell.swift; sourceTree = "<group>"; };
		84618A08287ED85700F31F5B /* MediaTableViewCell.xib */ = {isa = PBXFileReference; lastKnownFileType = file.xib; path = MediaTableViewCell.xib; sourceTree = "<group>"; };
		84618A0B287F068300F31F5B /* NewsData.swift */ = {isa = PBXFileReference; lastKnownFileType = sourcecode.swift; path = NewsData.swift; sourceTree = "<group>"; };
		84618A0F287F0C4E00F31F5B /* NewsViewController.swift */ = {isa = PBXFileReference; lastKnownFileType = sourcecode.swift; path = NewsViewController.swift; sourceTree = "<group>"; };
		84618A11287F0DB900F31F5B /* NewsTableViewCell.swift */ = {isa = PBXFileReference; lastKnownFileType = sourcecode.swift; path = NewsTableViewCell.swift; sourceTree = "<group>"; };
		84618A12287F0DB900F31F5B /* NewsTableViewCell.xib */ = {isa = PBXFileReference; lastKnownFileType = file.xib; path = NewsTableViewCell.xib; sourceTree = "<group>"; };
		84618A15287F1A6000F31F5B /* AboutTableViewCell.swift */ = {isa = PBXFileReference; lastKnownFileType = sourcecode.swift; path = AboutTableViewCell.swift; sourceTree = "<group>"; };
		84618A16287F1A6000F31F5B /* AboutTableViewCell.xib */ = {isa = PBXFileReference; lastKnownFileType = file.xib; path = AboutTableViewCell.xib; sourceTree = "<group>"; };
		84618A1B287F1E9500F31F5B /* AboutViewController.swift */ = {isa = PBXFileReference; lastKnownFileType = sourcecode.swift; path = AboutViewController.swift; sourceTree = "<group>"; };
		846A8297287C8E490094438C /* sgbc.app */ = {isa = PBXFileReference; explicitFileType = wrapper.application; includeInIndex = 0; path = sgbc.app; sourceTree = BUILT_PRODUCTS_DIR; };
		846A829A287C8E490094438C /* AppDelegate.swift */ = {isa = PBXFileReference; lastKnownFileType = sourcecode.swift; path = AppDelegate.swift; sourceTree = "<group>"; };
		846A829C287C8E490094438C /* SceneDelegate.swift */ = {isa = PBXFileReference; lastKnownFileType = sourcecode.swift; path = SceneDelegate.swift; sourceTree = "<group>"; };
		846A829E287C8E490094438C /* SermonViewController.swift */ = {isa = PBXFileReference; lastKnownFileType = sourcecode.swift; path = SermonViewController.swift; sourceTree = "<group>"; };
		846A82A1287C8E490094438C /* Base */ = {isa = PBXFileReference; lastKnownFileType = file.storyboard; name = Base; path = Base.lproj/Main.storyboard; sourceTree = "<group>"; };
		846A82A3287C8E4B0094438C /* Assets.xcassets */ = {isa = PBXFileReference; lastKnownFileType = folder.assetcatalog; path = Assets.xcassets; sourceTree = "<group>"; };
		846A82A6287C8E4B0094438C /* Base */ = {isa = PBXFileReference; lastKnownFileType = file.storyboard; name = Base; path = Base.lproj/LaunchScreen.storyboard; sourceTree = "<group>"; };
		846A82A8287C8E4B0094438C /* Info.plist */ = {isa = PBXFileReference; lastKnownFileType = text.plist.xml; path = Info.plist; sourceTree = "<group>"; };
		846A82AD287C8E4B0094438C /* sgbcTests.xctest */ = {isa = PBXFileReference; explicitFileType = wrapper.cfbundle; includeInIndex = 0; path = sgbcTests.xctest; sourceTree = BUILT_PRODUCTS_DIR; };
		846A82B1287C8E4B0094438C /* sgbcTests.swift */ = {isa = PBXFileReference; lastKnownFileType = sourcecode.swift; path = sgbcTests.swift; sourceTree = "<group>"; };
		846A82B7287C8E4B0094438C /* sgbcUITests.xctest */ = {isa = PBXFileReference; explicitFileType = wrapper.cfbundle; includeInIndex = 0; path = sgbcUITests.xctest; sourceTree = BUILT_PRODUCTS_DIR; };
		846A82BB287C8E4B0094438C /* sgbcUITests.swift */ = {isa = PBXFileReference; lastKnownFileType = sourcecode.swift; path = sgbcUITests.swift; sourceTree = "<group>"; };
		846A82BD287C8E4B0094438C /* sgbcUITestsLaunchTests.swift */ = {isa = PBXFileReference; lastKnownFileType = sourcecode.swift; path = sgbcUITestsLaunchTests.swift; sourceTree = "<group>"; };
		846A82CE287C8EF20094438C /* SermonData.swift */ = {isa = PBXFileReference; lastKnownFileType = sourcecode.swift; path = SermonData.swift; sourceTree = "<group>"; };
		846A82D0287C8F280094438C /* Sermon.swift */ = {isa = PBXFileReference; lastKnownFileType = sourcecode.swift; path = Sermon.swift; sourceTree = "<group>"; };
		846A82D2287C8FCE0094438C /* PlayerTransitionViewController.swift */ = {isa = PBXFileReference; lastKnownFileType = sourcecode.swift; path = PlayerTransitionViewController.swift; sourceTree = "<group>"; };
		846A82D4287C92F50094438C /* SermonTableViewCell.swift */ = {isa = PBXFileReference; lastKnownFileType = sourcecode.swift; path = SermonTableViewCell.swift; sourceTree = "<group>"; };
		846A82D5287C92F50094438C /* SermonTableViewCell.xib */ = {isa = PBXFileReference; lastKnownFileType = file.xib; path = SermonTableViewCell.xib; sourceTree = "<group>"; };
		846A82D8287CB7FB0094438C /* PlayerViewController.swift */ = {isa = PBXFileReference; lastKnownFileType = sourcecode.swift; path = PlayerViewController.swift; sourceTree = "<group>"; };
		84935729287E0EA6008BC6D1 /* StartingCategories.swift */ = {isa = PBXFileReference; lastKnownFileType = sourcecode.swift; path = StartingCategories.swift; sourceTree = "<group>"; };
		8493572B287E0FCE008BC6D1 /* News.swift */ = {isa = PBXFileReference; lastKnownFileType = sourcecode.swift; path = News.swift; sourceTree = "<group>"; };
		8493572D287E1321008BC6D1 /* WelcomeViewController.swift */ = {isa = PBXFileReference; lastKnownFileType = sourcecode.swift; path = WelcomeViewController.swift; sourceTree = "<group>"; };
		84CF1F1E287DB17A006909CE /* SermonBySeriesCollectionViewCell.swift */ = {isa = PBXFileReference; lastKnownFileType = sourcecode.swift; path = SermonBySeriesCollectionViewCell.swift; sourceTree = "<group>"; };
		84CF1F1F287DB17A006909CE /* SermonBySeriesCollectionViewCell.xib */ = {isa = PBXFileReference; lastKnownFileType = file.xib; path = SermonBySeriesCollectionViewCell.xib; sourceTree = "<group>"; };
		84DEC829287F6FBF009D2DD9 /* MinistriesViewController.swift */ = {isa = PBXFileReference; lastKnownFileType = sourcecode.swift; path = MinistriesViewController.swift; sourceTree = "<group>"; };
		84E7AE9F287CFC8900C6F2E7 /* SermonBySeriesViewController.swift */ = {isa = PBXFileReference; lastKnownFileType = sourcecode.swift; path = SermonBySeriesViewController.swift; sourceTree = "<group>"; };
		84ED65FF287DF7F0003946D4 /* HomeTableViewCell.swift */ = {isa = PBXFileReference; lastKnownFileType = sourcecode.swift; path = HomeTableViewCell.swift; sourceTree = "<group>"; };
		84ED6600287DF7F0003946D4 /* HomeTableViewCell.xib */ = {isa = PBXFileReference; lastKnownFileType = file.xib; path = HomeTableViewCell.xib; sourceTree = "<group>"; };
/* End PBXFileReference section */

/* Begin PBXFrameworksBuildPhase section */
		846A8294287C8E490094438C /* Frameworks */ = {
			isa = PBXFrameworksBuildPhase;
			buildActionMask = 2147483647;
			files = (
			);
			runOnlyForDeploymentPostprocessing = 0;
		};
		846A82AA287C8E4B0094438C /* Frameworks */ = {
			isa = PBXFrameworksBuildPhase;
			buildActionMask = 2147483647;
			files = (
			);
			runOnlyForDeploymentPostprocessing = 0;
		};
		846A82B4287C8E4B0094438C /* Frameworks */ = {
			isa = PBXFrameworksBuildPhase;
			buildActionMask = 2147483647;
			files = (
			);
			runOnlyForDeploymentPostprocessing = 0;
		};
/* End PBXFrameworksBuildPhase section */

/* Begin PBXGroup section */
		846A828E287C8E490094438C = {
			isa = PBXGroup;
			children = (
				846A8299287C8E490094438C /* sgbc */,
				846A82B0287C8E4B0094438C /* sgbcTests */,
				846A82BA287C8E4B0094438C /* sgbcUITests */,
				846A8298287C8E490094438C /* Products */,
			);
			sourceTree = "<group>";
		};
		846A8298287C8E490094438C /* Products */ = {
			isa = PBXGroup;
			children = (
				846A8297287C8E490094438C /* sgbc.app */,
				846A82AD287C8E4B0094438C /* sgbcTests.xctest */,
				846A82B7287C8E4B0094438C /* sgbcUITests.xctest */,
			);
			name = Products;
			sourceTree = "<group>";
		};
		846A8299287C8E490094438C /* sgbc */ = {
			isa = PBXGroup;
			children = (
				846A82CD287C8ED60094438C /* Data */,
				846A82CC287C8E6D0094438C /* Model */,
				846A82CB287C8E680094438C /* View */,
				846A82CA287C8E620094438C /* Controller */,
				846A82A3287C8E4B0094438C /* Assets.xcassets */,
				846A82A5287C8E4B0094438C /* LaunchScreen.storyboard */,
				846A82A8287C8E4B0094438C /* Info.plist */,
			);
			path = sgbc;
			sourceTree = "<group>";
		};
		846A82B0287C8E4B0094438C /* sgbcTests */ = {
			isa = PBXGroup;
			children = (
				846A82B1287C8E4B0094438C /* sgbcTests.swift */,
			);
			path = sgbcTests;
			sourceTree = "<group>";
		};
		846A82BA287C8E4B0094438C /* sgbcUITests */ = {
			isa = PBXGroup;
			children = (
				846A82BB287C8E4B0094438C /* sgbcUITests.swift */,
				846A82BD287C8E4B0094438C /* sgbcUITestsLaunchTests.swift */,
			);
			path = sgbcUITests;
			sourceTree = "<group>";
		};
		846A82CA287C8E620094438C /* Controller */ = {
			isa = PBXGroup;
			children = (
				8493572D287E1321008BC6D1 /* WelcomeViewController.swift */,
				84618A05287ED83100F31F5B /* MediaViewController.swift */,
				846A829E287C8E490094438C /* SermonViewController.swift */,
				846A82D2287C8FCE0094438C /* PlayerTransitionViewController.swift */,
				846A82D8287CB7FB0094438C /* PlayerViewController.swift */,
				84E7AE9F287CFC8900C6F2E7 /* SermonBySeriesViewController.swift */,
				84618A0F287F0C4E00F31F5B /* NewsViewController.swift */,
				84618A1B287F1E9500F31F5B /* AboutViewController.swift */,
				842B8C6F287F4FB2008B0BF3 /* LeadershipViewController.swift */,
				84DEC829287F6FBF009D2DD9 /* MinistriesViewController.swift */,
			);
			path = Controller;
			sourceTree = "<group>";
		};
		846A82CB287C8E680094438C /* View */ = {
			isa = PBXGroup;
			children = (
				846A82A0287C8E490094438C /* Main.storyboard */,
				846A82D4287C92F50094438C /* SermonTableViewCell.swift */,
				846A82D5287C92F50094438C /* SermonTableViewCell.xib */,
				84CF1F1E287DB17A006909CE /* SermonBySeriesCollectionViewCell.swift */,
				84CF1F1F287DB17A006909CE /* SermonBySeriesCollectionViewCell.xib */,
				84ED65FF287DF7F0003946D4 /* HomeTableViewCell.swift */,
				84ED6600287DF7F0003946D4 /* HomeTableViewCell.xib */,
				84618A07287ED85700F31F5B /* MediaTableViewCell.swift */,
				84618A08287ED85700F31F5B /* MediaTableViewCell.xib */,
				84618A11287F0DB900F31F5B /* NewsTableViewCell.swift */,
				84618A12287F0DB900F31F5B /* NewsTableViewCell.xib */,
				84618A15287F1A6000F31F5B /* AboutTableViewCell.swift */,
				84618A16287F1A6000F31F5B /* AboutTableViewCell.xib */,
				842B8C71287F4FD3008B0BF3 /* LeadershipCollectionViewCell.swift */,
				842B8C72287F4FD3008B0BF3 /* LeadershipCollectionViewCell.xib */,
				8430E6ED287F70EA0025287E /* MinistriesTableViewCell.swift */,
				8430E6EE287F70EA0025287E /* MinistriesTableViewCell.xib */,
			);
			path = View;
			sourceTree = "<group>";
		};
		846A82CC287C8E6D0094438C /* Model */ = {
			isa = PBXGroup;
			children = (
				846A829A287C8E490094438C /* AppDelegate.swift */,
				846A829C287C8E490094438C /* SceneDelegate.swift */,
				846A82D0287C8F280094438C /* Sermon.swift */,
				8493572B287E0FCE008BC6D1 /* News.swift */,
			);
			path = Model;
			sourceTree = "<group>";
		};
		846A82CD287C8ED60094438C /* Data */ = {
			isa = PBXGroup;
			children = (
				846A82CE287C8EF20094438C /* SermonData.swift */,
				84935729287E0EA6008BC6D1 /* StartingCategories.swift */,
				84618A0B287F068300F31F5B /* NewsData.swift */,
			);
			path = Data;
			sourceTree = "<group>";
		};
/* End PBXGroup section */

/* Begin PBXNativeTarget section */
		846A8296287C8E490094438C /* sgbc */ = {
			isa = PBXNativeTarget;
			buildConfigurationList = 846A82C1287C8E4B0094438C /* Build configuration list for PBXNativeTarget "sgbc" */;
			buildPhases = (
				846A8293287C8E490094438C /* Sources */,
				846A8294287C8E490094438C /* Frameworks */,
				846A8295287C8E490094438C /* Resources */,
			);
			buildRules = (
			);
			dependencies = (
			);
			name = sgbc;
			productName = sgbc;
			productReference = 846A8297287C8E490094438C /* sgbc.app */;
			productType = "com.apple.product-type.application";
		};
		846A82AC287C8E4B0094438C /* sgbcTests */ = {
			isa = PBXNativeTarget;
			buildConfigurationList = 846A82C4287C8E4B0094438C /* Build configuration list for PBXNativeTarget "sgbcTests" */;
			buildPhases = (
				846A82A9287C8E4B0094438C /* Sources */,
				846A82AA287C8E4B0094438C /* Frameworks */,
				846A82AB287C8E4B0094438C /* Resources */,
			);
			buildRules = (
			);
			dependencies = (
				846A82AF287C8E4B0094438C /* PBXTargetDependency */,
			);
			name = sgbcTests;
			productName = sgbcTests;
			productReference = 846A82AD287C8E4B0094438C /* sgbcTests.xctest */;
			productType = "com.apple.product-type.bundle.unit-test";
		};
		846A82B6287C8E4B0094438C /* sgbcUITests */ = {
			isa = PBXNativeTarget;
			buildConfigurationList = 846A82C7287C8E4B0094438C /* Build configuration list for PBXNativeTarget "sgbcUITests" */;
			buildPhases = (
				846A82B3287C8E4B0094438C /* Sources */,
				846A82B4287C8E4B0094438C /* Frameworks */,
				846A82B5287C8E4B0094438C /* Resources */,
			);
			buildRules = (
			);
			dependencies = (
				846A82B9287C8E4B0094438C /* PBXTargetDependency */,
			);
			name = sgbcUITests;
			productName = sgbcUITests;
			productReference = 846A82B7287C8E4B0094438C /* sgbcUITests.xctest */;
			productType = "com.apple.product-type.bundle.ui-testing";
		};
/* End PBXNativeTarget section */

/* Begin PBXProject section */
		846A828F287C8E490094438C /* Project object */ = {
			isa = PBXProject;
			attributes = {
				BuildIndependentTargetsInParallel = 1;
				LastSwiftUpdateCheck = 1340;
				LastUpgradeCheck = 1340;
				TargetAttributes = {
					846A8296287C8E490094438C = {
						CreatedOnToolsVersion = 13.4.1;
					};
					846A82AC287C8E4B0094438C = {
						CreatedOnToolsVersion = 13.4.1;
						TestTargetID = 846A8296287C8E490094438C;
					};
					846A82B6287C8E4B0094438C = {
						CreatedOnToolsVersion = 13.4.1;
						TestTargetID = 846A8296287C8E490094438C;
					};
				};
			};
			buildConfigurationList = 846A8292287C8E490094438C /* Build configuration list for PBXProject "sgbc" */;
			compatibilityVersion = "Xcode 13.0";
			developmentRegion = en;
			hasScannedForEncodings = 0;
			knownRegions = (
				en,
				Base,
			);
			mainGroup = 846A828E287C8E490094438C;
			productRefGroup = 846A8298287C8E490094438C /* Products */;
			projectDirPath = "";
			projectRoot = "";
			targets = (
				846A8296287C8E490094438C /* sgbc */,
				846A82AC287C8E4B0094438C /* sgbcTests */,
				846A82B6287C8E4B0094438C /* sgbcUITests */,
			);
		};
/* End PBXProject section */

/* Begin PBXResourcesBuildPhase section */
		846A8295287C8E490094438C /* Resources */ = {
			isa = PBXResourcesBuildPhase;
			buildActionMask = 2147483647;
			files = (
				84618A18287F1A6000F31F5B /* AboutTableViewCell.xib in Resources */,
				84CF1F21287DB17A006909CE /* SermonBySeriesCollectionViewCell.xib in Resources */,
				846A82A7287C8E4B0094438C /* LaunchScreen.storyboard in Resources */,
				846A82A4287C8E4B0094438C /* Assets.xcassets in Resources */,
				846A82A2287C8E490094438C /* Main.storyboard in Resources */,
				84ED6602287DF7F0003946D4 /* HomeTableViewCell.xib in Resources */,
				84618A0A287ED85700F31F5B /* MediaTableViewCell.xib in Resources */,
				84618A14287F0DB900F31F5B /* NewsTableViewCell.xib in Resources */,
				8430E6F0287F70EA0025287E /* MinistriesTableViewCell.xib in Resources */,
				842B8C74287F4FD3008B0BF3 /* LeadershipCollectionViewCell.xib in Resources */,
				846A82D7287C92F50094438C /* SermonTableViewCell.xib in Resources */,
			);
			runOnlyForDeploymentPostprocessing = 0;
		};
		846A82AB287C8E4B0094438C /* Resources */ = {
			isa = PBXResourcesBuildPhase;
			buildActionMask = 2147483647;
			files = (
			);
			runOnlyForDeploymentPostprocessing = 0;
		};
		846A82B5287C8E4B0094438C /* Resources */ = {
			isa = PBXResourcesBuildPhase;
			buildActionMask = 2147483647;
			files = (
			);
			runOnlyForDeploymentPostprocessing = 0;
		};
/* End PBXResourcesBuildPhase section */

/* Begin PBXSourcesBuildPhase section */
		846A8293287C8E490094438C /* Sources */ = {
			isa = PBXSourcesBuildPhase;
			buildActionMask = 2147483647;
			files = (
				846A82D3287C8FCE0094438C /* PlayerTransitionViewController.swift in Sources */,
				84618A17287F1A6000F31F5B /* AboutTableViewCell.swift in Sources */,
				84618A06287ED83100F31F5B /* MediaViewController.swift in Sources */,
				84618A1C287F1E9500F31F5B /* AboutViewController.swift in Sources */,
				8493572A287E0EA6008BC6D1 /* StartingCategories.swift in Sources */,
				8430E6EF287F70EA0025287E /* MinistriesTableViewCell.swift in Sources */,
				846A82D9287CB7FB0094438C /* PlayerViewController.swift in Sources */,
				846A829F287C8E490094438C /* SermonViewController.swift in Sources */,
				84618A0C287F068400F31F5B /* NewsData.swift in Sources */,
				846A82CF287C8EF20094438C /* SermonData.swift in Sources */,
				84618A09287ED85700F31F5B /* MediaTableViewCell.swift in Sources */,
				842B8C73287F4FD3008B0BF3 /* LeadershipCollectionViewCell.swift in Sources */,
				846A82D6287C92F50094438C /* SermonTableViewCell.swift in Sources */,
				84ED6601287DF7F0003946D4 /* HomeTableViewCell.swift in Sources */,
				84E7AEA0287CFC8900C6F2E7 /* SermonBySeriesViewController.swift in Sources */,
				846A82D1287C8F280094438C /* Sermon.swift in Sources */,
				84DEC82A287F6FBF009D2DD9 /* MinistriesViewController.swift in Sources */,
				846A829B287C8E490094438C /* AppDelegate.swift in Sources */,
				84CF1F20287DB17A006909CE /* SermonBySeriesCollectionViewCell.swift in Sources */,
				8493572C287E0FCE008BC6D1 /* News.swift in Sources */,
				842B8C70287F4FB2008B0BF3 /* LeadershipViewController.swift in Sources */,
				84618A10287F0C4E00F31F5B /* NewsViewController.swift in Sources */,
				846A829D287C8E490094438C /* SceneDelegate.swift in Sources */,
				8493572E287E1321008BC6D1 /* WelcomeViewController.swift in Sources */,
				84618A13287F0DB900F31F5B /* NewsTableViewCell.swift in Sources */,
			);
			runOnlyForDeploymentPostprocessing = 0;
		};
		846A82A9287C8E4B0094438C /* Sources */ = {
			isa = PBXSourcesBuildPhase;
			buildActionMask = 2147483647;
			files = (
				846A82B2287C8E4B0094438C /* sgbcTests.swift in Sources */,
			);
			runOnlyForDeploymentPostprocessing = 0;
		};
		846A82B3287C8E4B0094438C /* Sources */ = {
			isa = PBXSourcesBuildPhase;
			buildActionMask = 2147483647;
			files = (
				846A82BC287C8E4B0094438C /* sgbcUITests.swift in Sources */,
				846A82BE287C8E4B0094438C /* sgbcUITestsLaunchTests.swift in Sources */,
			);
			runOnlyForDeploymentPostprocessing = 0;
		};
/* End PBXSourcesBuildPhase section */

/* Begin PBXTargetDependency section */
		846A82AF287C8E4B0094438C /* PBXTargetDependency */ = {
			isa = PBXTargetDependency;
			target = 846A8296287C8E490094438C /* sgbc */;
			targetProxy = 846A82AE287C8E4B0094438C /* PBXContainerItemProxy */;
		};
		846A82B9287C8E4B0094438C /* PBXTargetDependency */ = {
			isa = PBXTargetDependency;
			target = 846A8296287C8E490094438C /* sgbc */;
			targetProxy = 846A82B8287C8E4B0094438C /* PBXContainerItemProxy */;
		};
/* End PBXTargetDependency section */

/* Begin PBXVariantGroup section */
		846A82A0287C8E490094438C /* Main.storyboard */ = {
			isa = PBXVariantGroup;
			children = (
				846A82A1287C8E490094438C /* Base */,
			);
			name = Main.storyboard;
			sourceTree = "<group>";
		};
		846A82A5287C8E4B0094438C /* LaunchScreen.storyboard */ = {
			isa = PBXVariantGroup;
			children = (
				846A82A6287C8E4B0094438C /* Base */,
			);
			name = LaunchScreen.storyboard;
			sourceTree = "<group>";
		};
/* End PBXVariantGroup section */

/* Begin XCBuildConfiguration section */
		846A82BF287C8E4B0094438C /* Debug */ = {
			isa = XCBuildConfiguration;
			buildSettings = {
				ALWAYS_SEARCH_USER_PATHS = NO;
				CLANG_ANALYZER_NONNULL = YES;
				CLANG_ANALYZER_NUMBER_OBJECT_CONVERSION = YES_AGGRESSIVE;
				CLANG_CXX_LANGUAGE_STANDARD = "gnu++17";
				CLANG_ENABLE_MODULES = YES;
				CLANG_ENABLE_OBJC_ARC = YES;
				CLANG_ENABLE_OBJC_WEAK = YES;
				CLANG_WARN_BLOCK_CAPTURE_AUTORELEASING = YES;
				CLANG_WARN_BOOL_CONVERSION = YES;
				CLANG_WARN_COMMA = YES;
				CLANG_WARN_CONSTANT_CONVERSION = YES;
				CLANG_WARN_DEPRECATED_OBJC_IMPLEMENTATIONS = YES;
				CLANG_WARN_DIRECT_OBJC_ISA_USAGE = YES_ERROR;
				CLANG_WARN_DOCUMENTATION_COMMENTS = YES;
				CLANG_WARN_EMPTY_BODY = YES;
				CLANG_WARN_ENUM_CONVERSION = YES;
				CLANG_WARN_INFINITE_RECURSION = YES;
				CLANG_WARN_INT_CONVERSION = YES;
				CLANG_WARN_NON_LITERAL_NULL_CONVERSION = YES;
				CLANG_WARN_OBJC_IMPLICIT_RETAIN_SELF = YES;
				CLANG_WARN_OBJC_LITERAL_CONVERSION = YES;
				CLANG_WARN_OBJC_ROOT_CLASS = YES_ERROR;
				CLANG_WARN_QUOTED_INCLUDE_IN_FRAMEWORK_HEADER = YES;
				CLANG_WARN_RANGE_LOOP_ANALYSIS = YES;
				CLANG_WARN_STRICT_PROTOTYPES = YES;
				CLANG_WARN_SUSPICIOUS_MOVE = YES;
				CLANG_WARN_UNGUARDED_AVAILABILITY = YES_AGGRESSIVE;
				CLANG_WARN_UNREACHABLE_CODE = YES;
				CLANG_WARN__DUPLICATE_METHOD_MATCH = YES;
				COPY_PHASE_STRIP = NO;
				DEBUG_INFORMATION_FORMAT = dwarf;
				ENABLE_STRICT_OBJC_MSGSEND = YES;
				ENABLE_TESTABILITY = YES;
				GCC_C_LANGUAGE_STANDARD = gnu11;
				GCC_DYNAMIC_NO_PIC = NO;
				GCC_NO_COMMON_BLOCKS = YES;
				GCC_OPTIMIZATION_LEVEL = 0;
				GCC_PREPROCESSOR_DEFINITIONS = (
					"DEBUG=1",
					"$(inherited)",
				);
				GCC_WARN_64_TO_32_BIT_CONVERSION = YES;
				GCC_WARN_ABOUT_RETURN_TYPE = YES_ERROR;
				GCC_WARN_UNDECLARED_SELECTOR = YES;
				GCC_WARN_UNINITIALIZED_AUTOS = YES_AGGRESSIVE;
				GCC_WARN_UNUSED_FUNCTION = YES;
				GCC_WARN_UNUSED_VARIABLE = YES;
				IPHONEOS_DEPLOYMENT_TARGET = 15.5;
				MTL_ENABLE_DEBUG_INFO = INCLUDE_SOURCE;
				MTL_FAST_MATH = YES;
				ONLY_ACTIVE_ARCH = YES;
				SDKROOT = iphoneos;
				SWIFT_ACTIVE_COMPILATION_CONDITIONS = DEBUG;
				SWIFT_OPTIMIZATION_LEVEL = "-Onone";
			};
			name = Debug;
		};
		846A82C0287C8E4B0094438C /* Release */ = {
			isa = XCBuildConfiguration;
			buildSettings = {
				ALWAYS_SEARCH_USER_PATHS = NO;
				CLANG_ANALYZER_NONNULL = YES;
				CLANG_ANALYZER_NUMBER_OBJECT_CONVERSION = YES_AGGRESSIVE;
				CLANG_CXX_LANGUAGE_STANDARD = "gnu++17";
				CLANG_ENABLE_MODULES = YES;
				CLANG_ENABLE_OBJC_ARC = YES;
				CLANG_ENABLE_OBJC_WEAK = YES;
				CLANG_WARN_BLOCK_CAPTURE_AUTORELEASING = YES;
				CLANG_WARN_BOOL_CONVERSION = YES;
				CLANG_WARN_COMMA = YES;
				CLANG_WARN_CONSTANT_CONVERSION = YES;
				CLANG_WARN_DEPRECATED_OBJC_IMPLEMENTATIONS = YES;
				CLANG_WARN_DIRECT_OBJC_ISA_USAGE = YES_ERROR;
				CLANG_WARN_DOCUMENTATION_COMMENTS = YES;
				CLANG_WARN_EMPTY_BODY = YES;
				CLANG_WARN_ENUM_CONVERSION = YES;
				CLANG_WARN_INFINITE_RECURSION = YES;
				CLANG_WARN_INT_CONVERSION = YES;
				CLANG_WARN_NON_LITERAL_NULL_CONVERSION = YES;
				CLANG_WARN_OBJC_IMPLICIT_RETAIN_SELF = YES;
				CLANG_WARN_OBJC_LITERAL_CONVERSION = YES;
				CLANG_WARN_OBJC_ROOT_CLASS = YES_ERROR;
				CLANG_WARN_QUOTED_INCLUDE_IN_FRAMEWORK_HEADER = YES;
				CLANG_WARN_RANGE_LOOP_ANALYSIS = YES;
				CLANG_WARN_STRICT_PROTOTYPES = YES;
				CLANG_WARN_SUSPICIOUS_MOVE = YES;
				CLANG_WARN_UNGUARDED_AVAILABILITY = YES_AGGRESSIVE;
				CLANG_WARN_UNREACHABLE_CODE = YES;
				CLANG_WARN__DUPLICATE_METHOD_MATCH = YES;
				COPY_PHASE_STRIP = NO;
				DEBUG_INFORMATION_FORMAT = "dwarf-with-dsym";
				ENABLE_NS_ASSERTIONS = NO;
				ENABLE_STRICT_OBJC_MSGSEND = YES;
				GCC_C_LANGUAGE_STANDARD = gnu11;
				GCC_NO_COMMON_BLOCKS = YES;
				GCC_WARN_64_TO_32_BIT_CONVERSION = YES;
				GCC_WARN_ABOUT_RETURN_TYPE = YES_ERROR;
				GCC_WARN_UNDECLARED_SELECTOR = YES;
				GCC_WARN_UNINITIALIZED_AUTOS = YES_AGGRESSIVE;
				GCC_WARN_UNUSED_FUNCTION = YES;
				GCC_WARN_UNUSED_VARIABLE = YES;
				IPHONEOS_DEPLOYMENT_TARGET = 15.5;
				MTL_ENABLE_DEBUG_INFO = NO;
				MTL_FAST_MATH = YES;
				SDKROOT = iphoneos;
				SWIFT_COMPILATION_MODE = wholemodule;
				SWIFT_OPTIMIZATION_LEVEL = "-O";
				VALIDATE_PRODUCT = YES;
			};
			name = Release;
		};
		846A82C2287C8E4B0094438C /* Debug */ = {
			isa = XCBuildConfiguration;
			buildSettings = {
				ASSETCATALOG_COMPILER_APPICON_NAME = AppIcon;
				ASSETCATALOG_COMPILER_GLOBAL_ACCENT_COLOR_NAME = AccentColor;
				CODE_SIGN_STYLE = Automatic;
				CURRENT_PROJECT_VERSION = 1;
				DEVELOPMENT_TEAM = 2D8LVDKBG6;
				GENERATE_INFOPLIST_FILE = YES;
				INFOPLIST_FILE = sgbc/Info.plist;
				INFOPLIST_KEY_UIApplicationSupportsIndirectInputEvents = YES;
				INFOPLIST_KEY_UILaunchStoryboardName = LaunchScreen;
				INFOPLIST_KEY_UIMainStoryboardFile = Main;
				INFOPLIST_KEY_UISupportedInterfaceOrientations = UIInterfaceOrientationPortrait;
				INFOPLIST_KEY_UISupportedInterfaceOrientations_iPad = "UIInterfaceOrientationPortrait UIInterfaceOrientationPortraitUpsideDown UIInterfaceOrientationLandscapeLeft UIInterfaceOrientationLandscapeRight";
				INFOPLIST_KEY_UISupportedInterfaceOrientations_iPhone = "UIInterfaceOrientationPortrait UIInterfaceOrientationLandscapeLeft UIInterfaceOrientationLandscapeRight";
				LD_RUNPATH_SEARCH_PATHS = (
					"$(inherited)",
					"@executable_path/Frameworks",
				);
				MARKETING_VERSION = 1.0;
				PRODUCT_BUNDLE_IDENTIFIER = com.sgbc.sgbc;
				PRODUCT_NAME = "$(TARGET_NAME)";
				SWIFT_EMIT_LOC_STRINGS = YES;
				SWIFT_VERSION = 5.0;
				TARGETED_DEVICE_FAMILY = "1,2";
			};
			name = Debug;
		};
		846A82C3287C8E4B0094438C /* Release */ = {
			isa = XCBuildConfiguration;
			buildSettings = {
				ASSETCATALOG_COMPILER_APPICON_NAME = AppIcon;
				ASSETCATALOG_COMPILER_GLOBAL_ACCENT_COLOR_NAME = AccentColor;
				CODE_SIGN_STYLE = Automatic;
				CURRENT_PROJECT_VERSION = 1;
				DEVELOPMENT_TEAM = 2D8LVDKBG6;
				GENERATE_INFOPLIST_FILE = YES;
				INFOPLIST_FILE = sgbc/Info.plist;
				INFOPLIST_KEY_UIApplicationSupportsIndirectInputEvents = YES;
				INFOPLIST_KEY_UILaunchStoryboardName = LaunchScreen;
				INFOPLIST_KEY_UIMainStoryboardFile = Main;
				INFOPLIST_KEY_UISupportedInterfaceOrientations = UIInterfaceOrientationPortrait;
				INFOPLIST_KEY_UISupportedInterfaceOrientations_iPad = "UIInterfaceOrientationPortrait UIInterfaceOrientationPortraitUpsideDown UIInterfaceOrientationLandscapeLeft UIInterfaceOrientationLandscapeRight";
				INFOPLIST_KEY_UISupportedInterfaceOrientations_iPhone = "UIInterfaceOrientationPortrait UIInterfaceOrientationLandscapeLeft UIInterfaceOrientationLandscapeRight";
				LD_RUNPATH_SEARCH_PATHS = (
					"$(inherited)",
					"@executable_path/Frameworks",
				);
				MARKETING_VERSION = 1.0;
				PRODUCT_BUNDLE_IDENTIFIER = com.sgbc.sgbc;
				PRODUCT_NAME = "$(TARGET_NAME)";
				SWIFT_EMIT_LOC_STRINGS = YES;
				SWIFT_VERSION = 5.0;
				TARGETED_DEVICE_FAMILY = "1,2";
			};
			name = Release;
		};
		846A82C5287C8E4B0094438C /* Debug */ = {
			isa = XCBuildConfiguration;
			buildSettings = {
				ALWAYS_EMBED_SWIFT_STANDARD_LIBRARIES = YES;
				BUNDLE_LOADER = "$(TEST_HOST)";
				CODE_SIGN_STYLE = Automatic;
				CURRENT_PROJECT_VERSION = 1;
				DEVELOPMENT_TEAM = 2D8LVDKBG6;
				GENERATE_INFOPLIST_FILE = YES;
				IPHONEOS_DEPLOYMENT_TARGET = 15.5;
				MARKETING_VERSION = 1.0;
				PRODUCT_BUNDLE_IDENTIFIER = com.sgbc.sgbcTests;
				PRODUCT_NAME = "$(TARGET_NAME)";
				SWIFT_EMIT_LOC_STRINGS = NO;
				SWIFT_VERSION = 5.0;
				TARGETED_DEVICE_FAMILY = "1,2";
				TEST_HOST = "$(BUILT_PRODUCTS_DIR)/sgbc.app/sgbc";
			};
			name = Debug;
		};
		846A82C6287C8E4B0094438C /* Release */ = {
			isa = XCBuildConfiguration;
			buildSettings = {
				ALWAYS_EMBED_SWIFT_STANDARD_LIBRARIES = YES;
				BUNDLE_LOADER = "$(TEST_HOST)";
				CODE_SIGN_STYLE = Automatic;
				CURRENT_PROJECT_VERSION = 1;
				DEVELOPMENT_TEAM = 2D8LVDKBG6;
				GENERATE_INFOPLIST_FILE = YES;
				IPHONEOS_DEPLOYMENT_TARGET = 15.5;
				MARKETING_VERSION = 1.0;
				PRODUCT_BUNDLE_IDENTIFIER = com.sgbc.sgbcTests;
				PRODUCT_NAME = "$(TARGET_NAME)";
				SWIFT_EMIT_LOC_STRINGS = NO;
				SWIFT_VERSION = 5.0;
				TARGETED_DEVICE_FAMILY = "1,2";
				TEST_HOST = "$(BUILT_PRODUCTS_DIR)/sgbc.app/sgbc";
			};
			name = Release;
		};
		846A82C8287C8E4B0094438C /* Debug */ = {
			isa = XCBuildConfiguration;
			buildSettings = {
				ALWAYS_EMBED_SWIFT_STANDARD_LIBRARIES = YES;
				CODE_SIGN_STYLE = Automatic;
				CURRENT_PROJECT_VERSION = 1;
				DEVELOPMENT_TEAM = 2D8LVDKBG6;
				GENERATE_INFOPLIST_FILE = YES;
				MARKETING_VERSION = 1.0;
				PRODUCT_BUNDLE_IDENTIFIER = com.sgbc.sgbcUITests;
				PRODUCT_NAME = "$(TARGET_NAME)";
				SWIFT_EMIT_LOC_STRINGS = NO;
				SWIFT_VERSION = 5.0;
				TARGETED_DEVICE_FAMILY = "1,2";
				TEST_TARGET_NAME = sgbc;
			};
			name = Debug;
		};
		846A82C9287C8E4B0094438C /* Release */ = {
			isa = XCBuildConfiguration;
			buildSettings = {
				ALWAYS_EMBED_SWIFT_STANDARD_LIBRARIES = YES;
				CODE_SIGN_STYLE = Automatic;
				CURRENT_PROJECT_VERSION = 1;
				DEVELOPMENT_TEAM = 2D8LVDKBG6;
				GENERATE_INFOPLIST_FILE = YES;
				MARKETING_VERSION = 1.0;
				PRODUCT_BUNDLE_IDENTIFIER = com.sgbc.sgbcUITests;
				PRODUCT_NAME = "$(TARGET_NAME)";
				SWIFT_EMIT_LOC_STRINGS = NO;
				SWIFT_VERSION = 5.0;
				TARGETED_DEVICE_FAMILY = "1,2";
				TEST_TARGET_NAME = sgbc;
			};
			name = Release;
		};
/* End XCBuildConfiguration section */

/* Begin XCConfigurationList section */
		846A8292287C8E490094438C /* Build configuration list for PBXProject "sgbc" */ = {
			isa = XCConfigurationList;
			buildConfigurations = (
				846A82BF287C8E4B0094438C /* Debug */,
				846A82C0287C8E4B0094438C /* Release */,
			);
			defaultConfigurationIsVisible = 0;
			defaultConfigurationName = Release;
		};
		846A82C1287C8E4B0094438C /* Build configuration list for PBXNativeTarget "sgbc" */ = {
			isa = XCConfigurationList;
			buildConfigurations = (
				846A82C2287C8E4B0094438C /* Debug */,
				846A82C3287C8E4B0094438C /* Release */,
			);
			defaultConfigurationIsVisible = 0;
			defaultConfigurationName = Release;
		};
		846A82C4287C8E4B0094438C /* Build configuration list for PBXNativeTarget "sgbcTests" */ = {
			isa = XCConfigurationList;
			buildConfigurations = (
				846A82C5287C8E4B0094438C /* Debug */,
				846A82C6287C8E4B0094438C /* Release */,
			);
			defaultConfigurationIsVisible = 0;
			defaultConfigurationName = Release;
		};
		846A82C7287C8E4B0094438C /* Build configuration list for PBXNativeTarget "sgbcUITests" */ = {
			isa = XCConfigurationList;
			buildConfigurations = (
				846A82C8287C8E4B0094438C /* Debug */,
				846A82C9287C8E4B0094438C /* Release */,
			);
			defaultConfigurationIsVisible = 0;
			defaultConfigurationName = Release;
		};
/* End XCConfigurationList section */
	};
	rootObject = 846A828F287C8E490094438C /* Project object */;
}
